// !$*UTF8*$!
{
	archiveVersion = 1;
	classes = {
	};
	objectVersion = 46;
	objects = {

/* Begin PBXBuildFile section */
		3D6C023717BCF5A6C2C99A84 /* Pods_On_The_Map.framework in Frameworks */ = {isa = PBXBuildFile; fileRef = 64B629FC897EAA5F18A1FDED /* Pods_On_The_Map.framework */; };
		4D0ED4F81F752F7B008CA71C /* InformationPostingController.swift in Sources */ = {isa = PBXBuildFile; fileRef = 4D0ED4F71F752F7B008CA71C /* InformationPostingController.swift */; };
		4D0ED4FA1F754B3A008CA71C /* LocationFinder.swift in Sources */ = {isa = PBXBuildFile; fileRef = 4D0ED4F91F754B34008CA71C /* LocationFinder.swift */; };
		4D4E87251F7120E4004BB28F /* Utilities.swift in Sources */ = {isa = PBXBuildFile; fileRef = 4D4E87241F7120E4004BB28F /* Utilities.swift */; };
		4D4E87271F7129CC004BB28F /* Constants.swift in Sources */ = {isa = PBXBuildFile; fileRef = 4D4E87261F7129CC004BB28F /* Constants.swift */; };
		4D4E872B1F713F10004BB28F /* StudentsTabBarController.swift in Sources */ = {isa = PBXBuildFile; fileRef = 4D4E872A1F713F10004BB28F /* StudentsTabBarController.swift */; };
		4D5E67391F74F0A70060288E /* StudentsListController.swift in Sources */ = {isa = PBXBuildFile; fileRef = 4D5E67381F74F0A70060288E /* StudentsListController.swift */; };
		4D5E673D1F74F5670060288E /* WaitingSpinner.swift in Sources */ = {isa = PBXBuildFile; fileRef = 4D5E673C1F74F5670060288E /* WaitingSpinner.swift */; };
		4D5F38201F740B6B0040AFC9 /* StudentRecord.swift in Sources */ = {isa = PBXBuildFile; fileRef = 4D5F381F1F740B6B0040AFC9 /* StudentRecord.swift */; };
		4D5F38221F740C2D0040AFC9 /* ParseClient.swift in Sources */ = {isa = PBXBuildFile; fileRef = 4D5F38211F740C2D0040AFC9 /* ParseClient.swift */; };
		4D5F38261F7413320040AFC9 /* StudentsMapController.swift in Sources */ = {isa = PBXBuildFile; fileRef = 4D5F38251F7413320040AFC9 /* StudentsMapController.swift */; };
		4D7413FC1F72CB6400468107 /* ResponseHandler.swift in Sources */ = {isa = PBXBuildFile; fileRef = 4D7413FB1F72CB6400468107 /* ResponseHandler.swift */; };
		4D7414041F72EB8000468107 /* JSONParser.swift in Sources */ = {isa = PBXBuildFile; fileRef = 4D7414031F72EB8000468107 /* JSONParser.swift */; };
		4DAC3CA91F7CF09A001EA34B /* StudentRecordCache.swift in Sources */ = {isa = PBXBuildFile; fileRef = 4DAC3CA81F7CF09A001EA34B /* StudentRecordCache.swift */; };
		4DED8D951F70091700E1E2ED /* AppDelegate.swift in Sources */ = {isa = PBXBuildFile; fileRef = 4DED8D941F70091700E1E2ED /* AppDelegate.swift */; };
		4DED8D971F70091700E1E2ED /* LoginViewController.swift in Sources */ = {isa = PBXBuildFile; fileRef = 4DED8D961F70091700E1E2ED /* LoginViewController.swift */; };
		4DED8D9A1F70091700E1E2ED /* Main.storyboard in Resources */ = {isa = PBXBuildFile; fileRef = 4DED8D981F70091700E1E2ED /* Main.storyboard */; };
		4DED8D9C1F70091700E1E2ED /* Assets.xcassets in Resources */ = {isa = PBXBuildFile; fileRef = 4DED8D9B1F70091700E1E2ED /* Assets.xcassets */; };
		4DED8D9F1F70091700E1E2ED /* LaunchScreen.storyboard in Resources */ = {isa = PBXBuildFile; fileRef = 4DED8D9D1F70091700E1E2ED /* LaunchScreen.storyboard */; };
		4DED8DA71F701BEE00E1E2ED /* UdacityClient.swift in Sources */ = {isa = PBXBuildFile; fileRef = 4DED8DA61F701BEE00E1E2ED /* UdacityClient.swift */; };
/* End PBXBuildFile section */

/* Begin PBXFileReference section */
		4D0ED4F71F752F7B008CA71C /* InformationPostingController.swift */ = {isa = PBXFileReference; lastKnownFileType = sourcecode.swift; path = InformationPostingController.swift; sourceTree = "<group>"; };
		4D0ED4F91F754B34008CA71C /* LocationFinder.swift */ = {isa = PBXFileReference; lastKnownFileType = sourcecode.swift; path = LocationFinder.swift; sourceTree = "<group>"; };
		4D4E87241F7120E4004BB28F /* Utilities.swift */ = {isa = PBXFileReference; fileEncoding = 4; lastKnownFileType = sourcecode.swift; path = Utilities.swift; sourceTree = "<group>"; };
		4D4E87261F7129CC004BB28F /* Constants.swift */ = {isa = PBXFileReference; fileEncoding = 4; lastKnownFileType = sourcecode.swift; path = Constants.swift; sourceTree = "<group>"; };
		4D4E872A1F713F10004BB28F /* StudentsTabBarController.swift */ = {isa = PBXFileReference; fileEncoding = 4; lastKnownFileType = sourcecode.swift; path = StudentsTabBarController.swift; sourceTree = "<group>"; };
		4D5E67381F74F0A70060288E /* StudentsListController.swift */ = {isa = PBXFileReference; lastKnownFileType = sourcecode.swift; path = StudentsListController.swift; sourceTree = "<group>"; };
		4D5E673C1F74F5670060288E /* WaitingSpinner.swift */ = {isa = PBXFileReference; lastKnownFileType = sourcecode.swift; path = WaitingSpinner.swift; sourceTree = "<group>"; };
		4D5F381F1F740B6B0040AFC9 /* StudentRecord.swift */ = {isa = PBXFileReference; lastKnownFileType = sourcecode.swift; path = StudentRecord.swift; sourceTree = "<group>"; };
		4D5F38211F740C2D0040AFC9 /* ParseClient.swift */ = {isa = PBXFileReference; lastKnownFileType = sourcecode.swift; path = ParseClient.swift; sourceTree = "<group>"; };
		4D5F38251F7413320040AFC9 /* StudentsMapController.swift */ = {isa = PBXFileReference; lastKnownFileType = sourcecode.swift; path = StudentsMapController.swift; sourceTree = "<group>"; };
		4D7413FB1F72CB6400468107 /* ResponseHandler.swift */ = {isa = PBXFileReference; lastKnownFileType = sourcecode.swift; path = ResponseHandler.swift; sourceTree = "<group>"; };
		4D7414031F72EB8000468107 /* JSONParser.swift */ = {isa = PBXFileReference; lastKnownFileType = sourcecode.swift; path = JSONParser.swift; sourceTree = "<group>"; };
		4DAC3CA81F7CF09A001EA34B /* StudentRecordCache.swift */ = {isa = PBXFileReference; lastKnownFileType = sourcecode.swift; path = StudentRecordCache.swift; sourceTree = "<group>"; };
		4DED8D911F70091700E1E2ED /* On The Map.app */ = {isa = PBXFileReference; explicitFileType = wrapper.application; includeInIndex = 0; path = "On The Map.app"; sourceTree = BUILT_PRODUCTS_DIR; };
		4DED8D941F70091700E1E2ED /* AppDelegate.swift */ = {isa = PBXFileReference; lastKnownFileType = sourcecode.swift; path = AppDelegate.swift; sourceTree = "<group>"; };
		4DED8D961F70091700E1E2ED /* LoginViewController.swift */ = {isa = PBXFileReference; lastKnownFileType = sourcecode.swift; path = LoginViewController.swift; sourceTree = "<group>"; };
		4DED8D991F70091700E1E2ED /* Base */ = {isa = PBXFileReference; lastKnownFileType = file.storyboard; name = Base; path = Base.lproj/Main.storyboard; sourceTree = "<group>"; };
		4DED8D9B1F70091700E1E2ED /* Assets.xcassets */ = {isa = PBXFileReference; lastKnownFileType = folder.assetcatalog; path = Assets.xcassets; sourceTree = "<group>"; };
		4DED8D9E1F70091700E1E2ED /* Base */ = {isa = PBXFileReference; lastKnownFileType = file.storyboard; name = Base; path = Base.lproj/LaunchScreen.storyboard; sourceTree = "<group>"; };
		4DED8DA01F70091700E1E2ED /* Info.plist */ = {isa = PBXFileReference; lastKnownFileType = text.plist.xml; path = Info.plist; sourceTree = "<group>"; };
		4DED8DA61F701BEE00E1E2ED /* UdacityClient.swift */ = {isa = PBXFileReference; fileEncoding = 4; lastKnownFileType = sourcecode.swift; path = UdacityClient.swift; sourceTree = "<group>"; };
		64B629FC897EAA5F18A1FDED /* Pods_On_The_Map.framework */ = {isa = PBXFileReference; explicitFileType = wrapper.framework; includeInIndex = 0; path = Pods_On_The_Map.framework; sourceTree = BUILT_PRODUCTS_DIR; };
		69CB68CB1963A3B88B2DDE19 /* Pods-On The Map.debug.xcconfig */ = {isa = PBXFileReference; includeInIndex = 1; lastKnownFileType = text.xcconfig; name = "Pods-On The Map.debug.xcconfig"; path = "Pods/Target Support Files/Pods-On The Map/Pods-On The Map.debug.xcconfig"; sourceTree = "<group>"; };
		E2143F853F055FFF7C3526F2 /* Pods-On The Map.release.xcconfig */ = {isa = PBXFileReference; includeInIndex = 1; lastKnownFileType = text.xcconfig; name = "Pods-On The Map.release.xcconfig"; path = "Pods/Target Support Files/Pods-On The Map/Pods-On The Map.release.xcconfig"; sourceTree = "<group>"; };
/* End PBXFileReference section */

/* Begin PBXFrameworksBuildPhase section */
		4DED8D8E1F70091700E1E2ED /* Frameworks */ = {
			isa = PBXFrameworksBuildPhase;
			buildActionMask = 2147483647;
			files = (
				3D6C023717BCF5A6C2C99A84 /* Pods_On_The_Map.framework in Frameworks */,
			);
			runOnlyForDeploymentPostprocessing = 0;
		};
/* End PBXFrameworksBuildPhase section */

/* Begin PBXGroup section */
		4D0ED4F61F752C0F008CA71C /* Utilities */ = {
			isa = PBXGroup;
			children = (
				4D7414031F72EB8000468107 /* JSONParser.swift */,
				4D7413FB1F72CB6400468107 /* ResponseHandler.swift */,
				4D4E87241F7120E4004BB28F /* Utilities.swift */,
				4D5E673C1F74F5670060288E /* WaitingSpinner.swift */,
				4D0ED4F91F754B34008CA71C /* LocationFinder.swift */,
			);
			name = Utilities;
			sourceTree = "<group>";
		};
		4D4E87281F713D16004BB28F /* Models */ = {
			isa = PBXGroup;
			children = (
				4D4E87291F713D3E004BB28F /* Clients */,
				4D4E87261F7129CC004BB28F /* Constants.swift */,
				4D5F381F1F740B6B0040AFC9 /* StudentRecord.swift */,
				4DAC3CA81F7CF09A001EA34B /* StudentRecordCache.swift */,
			);
			name = Models;
			sourceTree = "<group>";
		};
		4D4E87291F713D3E004BB28F /* Clients */ = {
			isa = PBXGroup;
			children = (
				4D5F38211F740C2D0040AFC9 /* ParseClient.swift */,
				4DED8DA61F701BEE00E1E2ED /* UdacityClient.swift */,
			);
			name = Clients;
			sourceTree = "<group>";
		};
		4D5E673A1F74F0BA0060288E /* Controllers */ = {
			isa = PBXGroup;
			children = (
				4DED8D961F70091700E1E2ED /* LoginViewController.swift */,
				4D4E872A1F713F10004BB28F /* StudentsTabBarController.swift */,
				4D5F38251F7413320040AFC9 /* StudentsMapController.swift */,
				4D5E67381F74F0A70060288E /* StudentsListController.swift */,
				4D0ED4F71F752F7B008CA71C /* InformationPostingController.swift */,
			);
			name = Controllers;
			sourceTree = "<group>";
		};
		4DED8D881F70091700E1E2ED = {
			isa = PBXGroup;
			children = (
				4DED8D931F70091700E1E2ED /* On The Map */,
				4DED8D921F70091700E1E2ED /* Products */,
				9F52C3D8DC7088D8C7DE0AB5 /* Pods */,
				8BD9CA83125ADBCA14B1DBC5 /* Frameworks */,
			);
			sourceTree = "<group>";
		};
		4DED8D921F70091700E1E2ED /* Products */ = {
			isa = PBXGroup;
			children = (
				4DED8D911F70091700E1E2ED /* On The Map.app */,
			);
			name = Products;
			sourceTree = "<group>";
		};
		4DED8D931F70091700E1E2ED /* On The Map */ = {
			isa = PBXGroup;
			children = (
				4D5E673A1F74F0BA0060288E /* Controllers */,
				4D4E87281F713D16004BB28F /* Models */,
				4D0ED4F61F752C0F008CA71C /* Utilities */,
				4DED8D941F70091700E1E2ED /* AppDelegate.swift */,
				4DED8D981F70091700E1E2ED /* Main.storyboard */,
				4DED8D9D1F70091700E1E2ED /* LaunchScreen.storyboard */,
				4DED8D9B1F70091700E1E2ED /* Assets.xcassets */,
				4DED8DA01F70091700E1E2ED /* Info.plist */,
			);
			path = "On The Map";
			sourceTree = "<group>";
		};
		8BD9CA83125ADBCA14B1DBC5 /* Frameworks */ = {
			isa = PBXGroup;
			children = (
				64B629FC897EAA5F18A1FDED /* Pods_On_The_Map.framework */,
			);
			name = Frameworks;
			sourceTree = "<group>";
		};
		9F52C3D8DC7088D8C7DE0AB5 /* Pods */ = {
			isa = PBXGroup;
			children = (
				69CB68CB1963A3B88B2DDE19 /* Pods-On The Map.debug.xcconfig */,
				E2143F853F055FFF7C3526F2 /* Pods-On The Map.release.xcconfig */,
			);
			name = Pods;
			sourceTree = "<group>";
		};
/* End PBXGroup section */

/* Begin PBXNativeTarget section */
		4DED8D901F70091700E1E2ED /* On The Map */ = {
			isa = PBXNativeTarget;
			buildConfigurationList = 4DED8DA31F70091700E1E2ED /* Build configuration list for PBXNativeTarget "On The Map" */;
			buildPhases = (
				95887C751D862A9F677AF288 /* [CP] Check Pods Manifest.lock */,
				4DED8D8D1F70091700E1E2ED /* Sources */,
				4DED8D8E1F70091700E1E2ED /* Frameworks */,
				4DED8D8F1F70091700E1E2ED /* Resources */,
				F206780FD264FA5A24115536 /* [CP] Embed Pods Frameworks */,
				83B40912B61CE4D6FB336C3F /* [CP] Copy Pods Resources */,
			);
			buildRules = (
			);
			dependencies = (
			);
			name = "On The Map";
			productName = "On The Map";
			productReference = 4DED8D911F70091700E1E2ED /* On The Map.app */;
			productType = "com.apple.product-type.application";
		};
/* End PBXNativeTarget section */

/* Begin PBXProject section */
		4DED8D891F70091700E1E2ED /* Project object */ = {
			isa = PBXProject;
			attributes = {
				LastSwiftUpdateCheck = 0830;
				LastUpgradeCheck = 0830;
				ORGANIZATIONNAME = "";
				TargetAttributes = {
					4DED8D901F70091700E1E2ED = {
						CreatedOnToolsVersion = 8.3.3;
						DevelopmentTeam = YV6W656V5T;
						ProvisioningStyle = Automatic;
					};
				};
			};
			buildConfigurationList = 4DED8D8C1F70091700E1E2ED /* Build configuration list for PBXProject "On The Map" */;
			compatibilityVersion = "Xcode 3.2";
			developmentRegion = English;
			hasScannedForEncodings = 0;
			knownRegions = (
				en,
				Base,
			);
			mainGroup = 4DED8D881F70091700E1E2ED;
			productRefGroup = 4DED8D921F70091700E1E2ED /* Products */;
			projectDirPath = "";
			projectRoot = "";
			targets = (
				4DED8D901F70091700E1E2ED /* On The Map */,
			);
		};
/* End PBXProject section */

/* Begin PBXResourcesBuildPhase section */
		4DED8D8F1F70091700E1E2ED /* Resources */ = {
			isa = PBXResourcesBuildPhase;
			buildActionMask = 2147483647;
			files = (
				4DED8D9F1F70091700E1E2ED /* LaunchScreen.storyboard in Resources */,
				4DED8D9C1F70091700E1E2ED /* Assets.xcassets in Resources */,
				4DED8D9A1F70091700E1E2ED /* Main.storyboard in Resources */,
			);
			runOnlyForDeploymentPostprocessing = 0;
		};
/* End PBXResourcesBuildPhase section */

/* Begin PBXShellScriptBuildPhase section */
		83B40912B61CE4D6FB336C3F /* [CP] Copy Pods Resources */ = {
			isa = PBXShellScriptBuildPhase;
			buildActionMask = 2147483647;
			files = (
			);
			inputPaths = (
			);
			name = "[CP] Copy Pods Resources";
			outputPaths = (
			);
			runOnlyForDeploymentPostprocessing = 0;
			shellPath = /bin/sh;
			shellScript = "\"${SRCROOT}/Pods/Target Support Files/Pods-On The Map/Pods-On The Map-resources.sh\"\n";
			showEnvVarsInLog = 0;
		};
		95887C751D862A9F677AF288 /* [CP] Check Pods Manifest.lock */ = {
			isa = PBXShellScriptBuildPhase;
			buildActionMask = 2147483647;
			files = (
			);
			inputPaths = (
				"${PODS_PODFILE_DIR_PATH}/Podfile.lock",
				"${PODS_ROOT}/Manifest.lock",
			);
			name = "[CP] Check Pods Manifest.lock";
			outputPaths = (
				"$(DERIVED_FILE_DIR)/Pods-On The Map-checkManifestLockResult.txt",
			);
			runOnlyForDeploymentPostprocessing = 0;
			shellPath = /bin/sh;
			shellScript = "diff \"${PODS_PODFILE_DIR_PATH}/Podfile.lock\" \"${PODS_ROOT}/Manifest.lock\" > /dev/null\nif [ $? != 0 ] ; then\n    # print error to STDERR\n    echo \"error: The sandbox is not in sync with the Podfile.lock. Run 'pod install' or update your CocoaPods installation.\" >&2\n    exit 1\nfi\n# This output is used by Xcode 'outputs' to avoid re-running this script phase.\necho \"SUCCESS\" > \"${SCRIPT_OUTPUT_FILE_0}\"\n";
			showEnvVarsInLog = 0;
		};
		F206780FD264FA5A24115536 /* [CP] Embed Pods Frameworks */ = {
			isa = PBXShellScriptBuildPhase;
			buildActionMask = 2147483647;
			files = (
			);
			inputPaths = (
				"${SRCROOT}/Pods/Target Support Files/Pods-On The Map/Pods-On The Map-frameworks.sh",
				"${BUILT_PRODUCTS_DIR}/Bolts/Bolts.framework",
				"${BUILT_PRODUCTS_DIR}/FBSDKCoreKit/FBSDKCoreKit.framework",
				"${BUILT_PRODUCTS_DIR}/FBSDKLoginKit/FBSDKLoginKit.framework",
				"${BUILT_PRODUCTS_DIR}/FacebookCore/FacebookCore.framework",
				"${BUILT_PRODUCTS_DIR}/FacebookLogin/FacebookLogin.framework",
			);
			name = "[CP] Embed Pods Frameworks";
			outputPaths = (
				"${TARGET_BUILD_DIR}/${FRAMEWORKS_FOLDER_PATH}/Bolts.framework",
				"${TARGET_BUILD_DIR}/${FRAMEWORKS_FOLDER_PATH}/FBSDKCoreKit.framework",
				"${TARGET_BUILD_DIR}/${FRAMEWORKS_FOLDER_PATH}/FBSDKLoginKit.framework",
				"${TARGET_BUILD_DIR}/${FRAMEWORKS_FOLDER_PATH}/FacebookCore.framework",
				"${TARGET_BUILD_DIR}/${FRAMEWORKS_FOLDER_PATH}/FacebookLogin.framework",
			);
			runOnlyForDeploymentPostprocessing = 0;
			shellPath = /bin/sh;
			shellScript = "\"${SRCROOT}/Pods/Target Support Files/Pods-On The Map/Pods-On The Map-frameworks.sh\"\n";
			showEnvVarsInLog = 0;
		};
/* End PBXShellScriptBuildPhase section */

/* Begin PBXSourcesBuildPhase section */
		4DED8D8D1F70091700E1E2ED /* Sources */ = {
			isa = PBXSourcesBuildPhase;
			buildActionMask = 2147483647;
			files = (
				4D5F38201F740B6B0040AFC9 /* StudentRecord.swift in Sources */,
				4D5E67391F74F0A70060288E /* StudentsListController.swift in Sources */,
				4DED8D971F70091700E1E2ED /* LoginViewController.swift in Sources */,
				4D7414041F72EB8000468107 /* JSONParser.swift in Sources */,
				4D4E872B1F713F10004BB28F /* StudentsTabBarController.swift in Sources */,
				4D4E87271F7129CC004BB28F /* Constants.swift in Sources */,
				4D0ED4F81F752F7B008CA71C /* InformationPostingController.swift in Sources */,
				4DED8D951F70091700E1E2ED /* AppDelegate.swift in Sources */,
				4D4E87251F7120E4004BB28F /* Utilities.swift in Sources */,
				4D0ED4FA1F754B3A008CA71C /* LocationFinder.swift in Sources */,
				4D7413FC1F72CB6400468107 /* ResponseHandler.swift in Sources */,
				4DED8DA71F701BEE00E1E2ED /* UdacityClient.swift in Sources */,
				4D5F38221F740C2D0040AFC9 /* ParseClient.swift in Sources */,
				4DAC3CA91F7CF09A001EA34B /* StudentRecordCache.swift in Sources */,
				4D5F38261F7413320040AFC9 /* StudentsMapController.swift in Sources */,
				4D5E673D1F74F5670060288E /* WaitingSpinner.swift in Sources */,
			);
			runOnlyForDeploymentPostprocessing = 0;
		};
/* End PBXSourcesBuildPhase section */

/* Begin PBXVariantGroup section */
		4DED8D981F70091700E1E2ED /* Main.storyboard */ = {
			isa = PBXVariantGroup;
			children = (
				4DED8D991F70091700E1E2ED /* Base */,
			);
			name = Main.storyboard;
			sourceTree = "<group>";
		};
		4DED8D9D1F70091700E1E2ED /* LaunchScreen.storyboard */ = {
			isa = PBXVariantGroup;
			children = (
				4DED8D9E1F70091700E1E2ED /* Base */,
			);
			name = LaunchScreen.storyboard;
			sourceTree = "<group>";
		};
/* End PBXVariantGroup section */

/* Begin XCBuildConfiguration section */
		4DED8DA11F70091700E1E2ED /* Debug */ = {
			isa = XCBuildConfiguration;
			buildSettings = {
				ALWAYS_SEARCH_USER_PATHS = NO;
				CLANG_ANALYZER_NONNULL = YES;
				CLANG_ANALYZER_NUMBER_OBJECT_CONVERSION = YES_AGGRESSIVE;
				CLANG_CXX_LANGUAGE_STANDARD = "gnu++0x";
				CLANG_CXX_LIBRARY = "libc++";
				CLANG_ENABLE_MODULES = YES;
				CLANG_ENABLE_OBJC_ARC = YES;
				CLANG_WARN_BOOL_CONVERSION = YES;
				CLANG_WARN_CONSTANT_CONVERSION = YES;
				CLANG_WARN_DIRECT_OBJC_ISA_USAGE = YES_ERROR;
				CLANG_WARN_DOCUMENTATION_COMMENTS = YES;
				CLANG_WARN_EMPTY_BODY = YES;
				CLANG_WARN_ENUM_CONVERSION = YES;
				CLANG_WARN_INFINITE_RECURSION = YES;
				CLANG_WARN_INT_CONVERSION = YES;
				CLANG_WARN_OBJC_ROOT_CLASS = YES_ERROR;
				CLANG_WARN_SUSPICIOUS_MOVE = YES;
				CLANG_WARN_UNREACHABLE_CODE = YES;
				CLANG_WARN__DUPLICATE_METHOD_MATCH = YES;
				"CODE_SIGN_IDENTITY[sdk=iphoneos*]" = "iPhone Developer";
				COPY_PHASE_STRIP = NO;
				DEBUG_INFORMATION_FORMAT = dwarf;
				ENABLE_STRICT_OBJC_MSGSEND = YES;
				ENABLE_TESTABILITY = YES;
				GCC_C_LANGUAGE_STANDARD = gnu99;
				GCC_DYNAMIC_NO_PIC = NO;
				GCC_NO_COMMON_BLOCKS = YES;
				GCC_OPTIMIZATION_LEVEL = 0;
				GCC_PREPROCESSOR_DEFINITIONS = (
					"DEBUG=1",
					"$(inherited)",
				);
				GCC_WARN_64_TO_32_BIT_CONVERSION = YES;
				GCC_WARN_ABOUT_RETURN_TYPE = YES_ERROR;
				GCC_WARN_UNDECLARED_SELECTOR = YES;
				GCC_WARN_UNINITIALIZED_AUTOS = YES_AGGRESSIVE;
				GCC_WARN_UNUSED_FUNCTION = YES;
				GCC_WARN_UNUSED_VARIABLE = YES;
				IPHONEOS_DEPLOYMENT_TARGET = 10.3;
				MTL_ENABLE_DEBUG_INFO = YES;
				ONLY_ACTIVE_ARCH = YES;
				SDKROOT = iphoneos;
				SWIFT_ACTIVE_COMPILATION_CONDITIONS = DEBUG;
				SWIFT_OPTIMIZATION_LEVEL = "-Onone";
				TARGETED_DEVICE_FAMILY = "1,2";
			};
			name = Debug;
		};
		4DED8DA21F70091700E1E2ED /* Release */ = {
			isa = XCBuildConfiguration;
			buildSettings = {
				ALWAYS_SEARCH_USER_PATHS = NO;
				CLANG_ANALYZER_NONNULL = YES;
				CLANG_ANALYZER_NUMBER_OBJECT_CONVERSION = YES_AGGRESSIVE;
				CLANG_CXX_LANGUAGE_STANDARD = "gnu++0x";
				CLANG_CXX_LIBRARY = "libc++";
				CLANG_ENABLE_MODULES = YES;
				CLANG_ENABLE_OBJC_ARC = YES;
				CLANG_WARN_BOOL_CONVERSION = YES;
				CLANG_WARN_CONSTANT_CONVERSION = YES;
				CLANG_WARN_DIRECT_OBJC_ISA_USAGE = YES_ERROR;
				CLANG_WARN_DOCUMENTATION_COMMENTS = YES;
				CLANG_WARN_EMPTY_BODY = YES;
				CLANG_WARN_ENUM_CONVERSION = YES;
				CLANG_WARN_INFINITE_RECURSION = YES;
				CLANG_WARN_INT_CONVERSION = YES;
				CLANG_WARN_OBJC_ROOT_CLASS = YES_ERROR;
				CLANG_WARN_SUSPICIOUS_MOVE = YES;
				CLANG_WARN_UNREACHABLE_CODE = YES;
				CLANG_WARN__DUPLICATE_METHOD_MATCH = YES;
				"CODE_SIGN_IDENTITY[sdk=iphoneos*]" = "iPhone Developer";
				COPY_PHASE_STRIP = NO;
				DEBUG_INFORMATION_FORMAT = "dwarf-with-dsym";
				ENABLE_NS_ASSERTIONS = NO;
				ENABLE_STRICT_OBJC_MSGSEND = YES;
				GCC_C_LANGUAGE_STANDARD = gnu99;
				GCC_NO_COMMON_BLOCKS = YES;
				GCC_WARN_64_TO_32_BIT_CONVERSION = YES;
				GCC_WARN_ABOUT_RETURN_TYPE = YES_ERROR;
				GCC_WARN_UNDECLARED_SELECTOR = YES;
				GCC_WARN_UNINITIALIZED_AUTOS = YES_AGGRESSIVE;
				GCC_WARN_UNUSED_FUNCTION = YES;
				GCC_WARN_UNUSED_VARIABLE = YES;
				IPHONEOS_DEPLOYMENT_TARGET = 10.3;
				MTL_ENABLE_DEBUG_INFO = NO;
				SDKROOT = iphoneos;
				SWIFT_OPTIMIZATION_LEVEL = "-Owholemodule";
				TARGETED_DEVICE_FAMILY = "1,2";
				VALIDATE_PRODUCT = YES;
			};
			name = Release;
		};
		4DED8DA41F70091700E1E2ED /* Debug */ = {
			isa = XCBuildConfiguration;
			baseConfigurationReference = 69CB68CB1963A3B88B2DDE19 /* Pods-On The Map.debug.xcconfig */;
			buildSettings = {
				ASSETCATALOG_COMPILER_APPICON_NAME = AppIcon;
				DEVELOPMENT_TEAM = YV6W656V5T;
				INFOPLIST_FILE = "On The Map/Info.plist";
				LD_RUNPATH_SEARCH_PATHS = "$(inherited) @executable_path/Frameworks";
				PRODUCT_BUNDLE_IDENTIFIER = "com.jasonwedepohl.udacity.On-The-Map";
				PRODUCT_NAME = "$(TARGET_NAME)";
				SWIFT_VERSION = 3.0;
			};
			name = Debug;
		};
		4DED8DA51F70091700E1E2ED /* Release */ = {
			isa = XCBuildConfiguration;
			baseConfigurationReference = E2143F853F055FFF7C3526F2 /* Pods-On The Map.release.xcconfig */;
			buildSettings = {
				ASSETCATALOG_COMPILER_APPICON_NAME = AppIcon;
				DEVELOPMENT_TEAM = YV6W656V5T;
				INFOPLIST_FILE = "On The Map/Info.plist";
				LD_RUNPATH_SEARCH_PATHS = "$(inherited) @executable_path/Frameworks";
				PRODUCT_BUNDLE_IDENTIFIER = "com.jasonwedepohl.udacity.On-The-Map";
				PRODUCT_NAME = "$(TARGET_NAME)";
				SWIFT_VERSION = 3.0;
			};
			name = Release;
		};
/* End XCBuildConfiguration section */

/* Begin XCConfigurationList section */
		4DED8D8C1F70091700E1E2ED /* Build configuration list for PBXProject "On The Map" */ = {
			isa = XCConfigurationList;
			buildConfigurations = (
				4DED8DA11F70091700E1E2ED /* Debug */,
				4DED8DA21F70091700E1E2ED /* Release */,
			);
			defaultConfigurationIsVisible = 0;
			defaultConfigurationName = Release;
		};
		4DED8DA31F70091700E1E2ED /* Build configuration list for PBXNativeTarget "On The Map" */ = {
			isa = XCConfigurationList;
			buildConfigurations = (
				4DED8DA41F70091700E1E2ED /* Debug */,
				4DED8DA51F70091700E1E2ED /* Release */,
			);
			defaultConfigurationIsVisible = 0;
			defaultConfigurationName = Release;
		};
/* End XCConfigurationList section */
	};
	rootObject = 4DED8D891F70091700E1E2ED /* Project object */;
}
